
Microsoft Visual Studio Solution File, Format Version 12.00
# Visual Studio Version 16
VisualStudioVersion = 16.0.31019.35
MinimumVisualStudioVersion = 10.0.40219.1
Project("{2150E333-8FDC-42A3-9474-1A3956D46DE8}") = "src", "src", "{0EE70846-9345-4A80-9327-C4272E83E8AC}"
EndProject
Project("{2150E333-8FDC-42A3-9474-1A3956D46DE8}") = "test", "test", "{0F948AA8-9917-44A0-99D7-2DC65CF8576A}"
EndProject
Project("{FAE04EC0-301F-11D3-BF4B-00C04F79EFBC}") = "UnitTest.API", "UnitTest.API\UnitTest.API.csproj", "{9D9405A6-3C16-42FC-A456-EC800B775C11}"
EndProject
Project("{FAE04EC0-301F-11D3-BF4B-00C04F79EFBC}") = "UnitTest.Model", "UnitTest.Model\UnitTest.Model.csproj", "{C47188A7-3274-449D-94FE-74EEDF5EFF64}"
EndProject
Project("{FAE04EC0-301F-11D3-BF4B-00C04F79EFBC}") = "UnitTest.IService", "UnitTest.IService\UnitTest.IService.csproj", "{1D08F0D6-6DA4-468B-BA57-CBDF1229E17E}"
EndProject
Project("{FAE04EC0-301F-11D3-BF4B-00C04F79EFBC}") = "UnitTest.Service", "UnitTest.Service\UnitTest.Service.csproj", "{D9C87AD8-51C2-4B99-A5A9-6265DFB3CF14}"
EndProject
Project("{FAE04EC0-301F-11D3-BF4B-00C04F79EFBC}") = "UnitTest.IRepository", "UnitTest.IRepository\UnitTest.IRepository.csproj", "{C9E53145-8A22-4883-81D1-5666154D3139}"
EndProject
Project("{FAE04EC0-301F-11D3-BF4B-00C04F79EFBC}") = "UnitTest.Repository", "UnitTest.Repository\UnitTest.Repository.csproj", "{F53702AA-6D52-4DA9-8268-E1C84F38278E}"
EndProject
Project("{FAE04EC0-301F-11D3-BF4B-00C04F79EFBC}") = "UnitTest.EFCore", "UnitTest.EFCore\UnitTest.EFCore.csproj", "{CB1B1D8B-CA4E-4B83-827B-9257DF993AC1}"
EndProject
Project("{FAE04EC0-301F-11D3-BF4B-00C04F79EFBC}") = "UnitTest.Test", "UnitTest.Test\UnitTest.Test.csproj", "{EBD4DD06-95F5-406B-BAC7-453DA7116403}"
EndProject
Global
	GlobalSection(SolutionConfigurationPlatforms) = preSolution
		Debug|Any CPU = Debug|Any CPU
		Release|Any CPU = Release|Any CPU
	EndGlobalSection
	GlobalSection(ProjectConfigurationPlatforms) = postSolution
		{9D9405A6-3C16-42FC-A456-EC800B775C11}.Debug|Any CPU.ActiveCfg = Debug|Any CPU
		{9D9405A6-3C16-42FC-A456-EC800B775C11}.Debug|Any CPU.Build.0 = Debug|Any CPU
		{9D9405A6-3C16-42FC-A456-EC800B775C11}.Release|Any CPU.ActiveCfg = Release|Any CPU
		{9D9405A6-3C16-42FC-A456-EC800B775C11}.Release|Any CPU.Build.0 = Release|Any CPU
		{C47188A7-3274-449D-94FE-74EEDF5EFF64}.Debug|Any CPU.ActiveCfg = Debug|Any CPU
		{C47188A7-3274-449D-94FE-74EEDF5EFF64}.Debug|Any CPU.Build.0 = Debug|Any CPU
		{C47188A7-3274-449D-94FE-74EEDF5EFF64}.Release|Any CPU.ActiveCfg = Release|Any CPU
		{C47188A7-3274-449D-94FE-74EEDF5EFF64}.Release|Any CPU.Build.0 = Release|Any CPU
		{1D08F0D6-6DA4-468B-BA57-CBDF1229E17E}.Debug|Any CPU.ActiveCfg = Debug|Any CPU
		{1D08F0D6-6DA4-468B-BA57-CBDF1229E17E}.Debug|Any CPU.Build.0 = Debug|Any CPU
		{1D08F0D6-6DA4-468B-BA57-CBDF1229E17E}.Release|Any CPU.ActiveCfg = Release|Any CPU
		{1D08F0D6-6DA4-468B-BA57-CBDF1229E17E}.Release|Any CPU.Build.0 = Release|Any CPU
		{D9C87AD8-51C2-4B99-A5A9-6265DFB3CF14}.Debug|Any CPU.ActiveCfg = Debug|Any CPU
		{D9C87AD8-51C2-4B99-A5A9-6265DFB3CF14}.Debug|Any CPU.Build.0 = Debug|Any CPU
		{D9C87AD8-51C2-4B99-A5A9-6265DFB3CF14}.Release|Any CPU.ActiveCfg = Release|Any CPU
		{D9C87AD8-51C2-4B99-A5A9-6265DFB3CF14}.Release|Any CPU.Build.0 = Release|Any CPU
		{C9E53145-8A22-4883-81D1-5666154D3139}.Debug|Any CPU.ActiveCfg = Debug|Any CPU
		{C9E53145-8A22-4883-81D1-5666154D3139}.Debug|Any CPU.Build.0 = Debug|Any CPU
		{C9E53145-8A22-4883-81D1-5666154D3139}.Release|Any CPU.ActiveCfg = Release|Any CPU
		{C9E53145-8A22-4883-81D1-5666154D3139}.Release|Any CPU.Build.0 = Release|Any CPU
		{F53702AA-6D52-4DA9-8268-E1C84F38278E}.Debug|Any CPU.ActiveCfg = Debug|Any CPU
		{F53702AA-6D52-4DA9-8268-E1C84F38278E}.Debug|Any CPU.Build.0 = Debug|Any CPU
		{F53702AA-6D52-4DA9-8268-E1C84F38278E}.Release|Any CPU.ActiveCfg = Release|Any CPU
		{F53702AA-6D52-4DA9-8268-E1C84F38278E}.Release|Any CPU.Build.0 = Release|Any CPU
		{CB1B1D8B-CA4E-4B83-827B-9257DF993AC1}.Debug|Any CPU.ActiveCfg = Debug|Any CPU
		{CB1B1D8B-CA4E-4B83-827B-9257DF993AC1}.Debug|Any CPU.Build.0 = Debug|Any CPU
		{CB1B1D8B-CA4E-4B83-827B-9257DF993AC1}.Release|Any CPU.ActiveCfg = Release|Any CPU
		{CB1B1D8B-CA4E-4B83-827B-9257DF993AC1}.Release|Any CPU.Build.0 = Release|Any CPU
		{EBD4DD06-95F5-406B-BAC7-453DA7116403}.Debug|Any CPU.ActiveCfg = Debug|Any CPU
		{EBD4DD06-95F5-406B-BAC7-453DA7116403}.Debug|Any CPU.Build.0 = Debug|Any CPU
		{EBD4DD06-95F5-406B-BAC7-453DA7116403}.Release|Any CPU.ActiveCfg = Release|Any CPU
		{EBD4DD06-95F5-406B-BAC7-453DA7116403}.Release|Any CPU.Build.0 = Release|Any CPU
	EndGlobalSection
	GlobalSection(SolutionProperties) = preSolution
		HideSolutionNode = FALSE
	EndGlobalSection
	GlobalSection(NestedProjects) = preSolution
		{9D9405A6-3C16-42FC-A456-EC800B775C11} = {0EE70846-9345-4A80-9327-C4272E83E8AC}
		{C47188A7-3274-449D-94FE-74EEDF5EFF64} = {0EE70846-9345-4A80-9327-C4272E83E8AC}
		{1D08F0D6-6DA4-468B-BA57-CBDF1229E17E} = {0EE70846-9345-4A80-9327-C4272E83E8AC}
		{D9C87AD8-51C2-4B99-A5A9-6265DFB3CF14} = {0EE70846-9345-4A80-9327-C4272E83E8AC}
		{C9E53145-8A22-4883-81D1-5666154D3139} = {0EE70846-9345-4A80-9327-C4272E83E8AC}
		{F53702AA-6D52-4DA9-8268-E1C84F38278E} = {0EE70846-9345-4A80-9327-C4272E83E8AC}
		{CB1B1D8B-CA4E-4B83-827B-9257DF993AC1} = {0EE70846-9345-4A80-9327-C4272E83E8AC}
		{EBD4DD06-95F5-406B-BAC7-453DA7116403} = {0F948AA8-9917-44A0-99D7-2DC65CF8576A}
	EndGlobalSection
	GlobalSection(ExtensibilityGlobals) = postSolution
		SolutionGuid = {55B34C9D-3DC0-456A-8F2E-A0C2828D832E}
	EndGlobalSection
EndGlobal
